
Microsoft Visual Studio Solution File, Format Version 12.00
# Visual Studio Version 17
VisualStudioVersion = 17.11.35312.102
MinimumVisualStudioVersion = 10.0.40219.1
Project("{FAE04EC0-301F-11D3-BF4B-00C04F79EFBC}") = "Lab06", "Lab06\Lab06.csproj", "{8476E688-5578-47F6-9EBD-04A48F848263}"
EndProject
Global
	GlobalSection(SolutionConfigurationPlatforms) = preSolution
		Debug|Any CPU = Debug|Any CPU
		Release|Any CPU = Release|Any CPU
	EndGlobalSection
	GlobalSection(ProjectConfigurationPlatforms) = postSolution
		{8476E688-5578-47F6-9EBD-04A48F848263}.Debug|Any CPU.ActiveCfg = Debug|Any CPU
		{8476E688-5578-47F6-9EBD-04A48F848263}.Debug|Any CPU.Build.0 = Debug|Any CPU
		{8476E688-5578-47F6-9EBD-04A48F848263}.Release|Any CPU.ActiveCfg = Release|Any CPU
		{8476E688-5578-47F6-9EBD-04A48F848263}.Release|Any CPU.Build.0 = Release|Any CPU
	EndGlobalSection
	GlobalSection(SolutionProperties) = preSolution
		HideSolutionNode = FALSE
	EndGlobalSection
	GlobalSection(ExtensibilityGlobals) = postSolution
		SolutionGuid = {D758A0ED-32D2-4235-ACC3-F772D6811152}
	EndGlobalSection
EndGlobal
